<?xml version="1.0" encoding="utf-8"?>
<Project ToolsVersion="4.0" xmlns="http://schemas.microsoft.com/developer/msbuild/2003">
  <ItemGroup>
    <Filter Include="Source Files">
      <UniqueIdentifier>{4FC737F1-C7A5-4376-A066-2A32D752A2FF}</UniqueIdentifier>
      <Extensions>cpp;c;cc;cxx;c++;cppm;ixx;def;odl;idl;hpj;bat;asm;asmx</Extensions>
    </Filter>
    <Filter Include="Header Files">
      <UniqueIdentifier>{93995380-89BD-4b04-88EB-625FBE52EBFB}</UniqueIdentifier>
      <Extensions>h;hh;hpp;hxx;h++;hm;inl;inc;ipp;xsd</Extensions>
    </Filter>
    <Filter Include="Resource Files">
      <UniqueIdentifier>{67DA6AB6-F800-4c08-8B7A-83BB121AAD01}</UniqueIdentifier>
      <Extensions>rc;ico;cur;bmp;dlg;rc2;rct;bin;rgs;gif;jpg;jpeg;jpe;resx;tiff;tif;png;wav;mfcribbon-ms</Extensions>
    </Filter>
  </ItemGroup>
  <ItemGroup>
    <ClCompile Include="code\cube_tex.cpp">
      <Filter>Source Files</Filter>
    </ClCompile>
    <ClCompile Include="code\lab5solution.cpp">
      <Filter>Source Files</Filter>
    </ClCompile>
    <ClCompile Include="code\points.cpp">
      <Filter>Source Files</Filter>
    </ClCompile>
    <ClCompile Include="code\sphere_tex.cpp">
      <Filter>Source Files</Filter>
    </ClCompile>
    <ClCompile Include="code\terrain_object.cpp">
      <Filter>Source Files</Filter>
    </ClCompile>
    <ClCompile Include="code\tiny_loader.cpp">
      <Filter>Source Files</Filter>
    </ClCompile>
    <ClCompile Include="code\wrapper_glfw.cpp">
      <Filter>Source Files</Filter>
    </ClCompile>
  </ItemGroup>
  <ItemGroup>
    <ClInclude Include="code\cube_tex.h">
      <Filter>Header Files</Filter>
    </ClInclude>
    <ClInclude Include="code\points.h">
      <Filter>Header Files</Filter>
    </ClInclude>
    <ClInclude Include="code\sphere_tex.h">
      <Filter>Header Files</Filter>
    </ClInclude>
    <ClInclude Include="code\terrain_object.h">
      <Filter>Header Files</Filter>
    </ClInclude>
    <ClInclude Include="code\tiny_loader.h">
      <Filter>Header Files</Filter>
    </ClInclude>
    <ClInclude Include="code\tiny_loader_texture.h">
      <Filter>Header Files</Filter>
    </ClInclude>
    <ClInclude Include="code\tiny_obj_loader.h">
      <Filter>Header Files</Filter>
    </ClInclude>
    <ClInclude Include="code\wrapper_glfw.h">
      <Filter>Header Files</Filter>
    </ClInclude>
  </ItemGroup>
  <ItemGroup>
    <Image Include="code\earth_no_clouds.jpg">
      <Filter>Resource Files</Filter>
    </Image>
    <Image Include="code\grass.jpg">
      <Filter>Resource Files</Filter>
    </Image>
    <Image Include="code\sky.jpg">
      <Filter>Resource Files</Filter>
    </Image>
    <Image Include="code\snowflake.jpg">
      <Filter>Resource Files</Filter>
    </Image>
    <Image Include="code\snowflake.png">
      <Filter>Resource Files</Filter>
    </Image>
    <Image Include="code\star.png">
      <Filter>Resource Files</Filter>
    </Image>
  </ItemGroup>
  <ItemGroup>
    <None Include="code\fraglight_fog.frag" />
    <None Include="code\fraglight_fog.vert" />
    <None Include="code\lab5solution.frag" />
    <None Include="code\lab5solution.vert" />
    <None Include="code\object_loader.frag" />
    <None Include="code\object_loader.vert" />
    <None Include="code\object_loader_texture.frag" />
    <None Include="code\object_loader_texture.vert" />
    <None Include="code\point_sprites.frag" />
    <None Include="code\point_sprites.vert" />
    <None Include="code\point_sprites_analytic.frag" />
    <None Include="code\sky_sphere.frag" />
    <None Include="code\sky_sphere.vert" />
    <None Include="code\terrain.frag" />
    <None Include="code\terrain.vert" />
  </ItemGroup>
</Project>